
Microsoft Visual Studio Solution File, Format Version 12.00
# Visual Studio Version 17
VisualStudioVersion = 17.3.32819.101
MinimumVisualStudioVersion = 10.0.40219.1
Project("{FAE04EC0-301F-11D3-BF4B-00C04F79EFBC}") = "Contacts", "Contacts.csproj", "{39F9305C-5754-4D12-9317-65D7A23E782D}"
EndProject
Global
	GlobalSection(SolutionConfigurationPlatforms) = preSolution
		Debug|Any CPU = Debug|Any CPU
		Release|Any CPU = Release|Any CPU
	EndGlobalSection
	GlobalSection(ProjectConfigurationPlatforms) = postSolution
		{39F9305C-5754-4D12-9317-65D7A23E782D}.Debug|Any CPU.ActiveCfg = Debug|Any CPU
		{39F9305C-5754-4D12-9317-65D7A23E782D}.Debug|Any CPU.Build.0 = Debug|Any CPU
		{39F9305C-5754-4D12-9317-65D7A23E782D}.Release|Any CPU.ActiveCfg = Release|Any CPU
		{39F9305C-5754-4D12-9317-65D7A23E782D}.Release|Any CPU.Build.0 = Release|Any CPU
	EndGlobalSection
	GlobalSection(SolutionProperties) = preSolution
		HideSolutionNode = FALSE
	EndGlobalSection
	GlobalSection(ExtensibilityGlobals) = postSolution
		SolutionGuid = {70243031-62AC-456B-9859-A40A56792A98}
	EndGlobalSection
EndGlobal
